
Microsoft Visual Studio Solution File, Format Version 12.00
# Visual Studio Version 17
VisualStudioVersion = 17.0.31903.59
MinimumVisualStudioVersion = 10.0.40219.1
Project("{9A19103F-16F7-4668-BE54-9A1E7A4F7556}") = "ProductTrackingAPI", "ProductTrackingAPI\ProductTrackingAPI.csproj", "{EEA2B312-BAF2-46E4-963D-15804D6C91AB}"
EndProject
Project("{FAE04EC0-301F-11D3-BF4B-00C04F79EFBC}") = "MediaAPI", "MediaAPI\MediaAPI.csproj", "{9B292C7B-2891-4321-9638-7D9812B1D109}"
EndProject
Global
	GlobalSection(SolutionConfigurationPlatforms) = preSolution
		Debug|Any CPU = Debug|Any CPU
		Release|Any CPU = Release|Any CPU
	EndGlobalSection
	GlobalSection(ProjectConfigurationPlatforms) = postSolution
		{EEA2B312-BAF2-46E4-963D-15804D6C91AB}.Debug|Any CPU.ActiveCfg = Debug|Any CPU
		{EEA2B312-BAF2-46E4-963D-15804D6C91AB}.Debug|Any CPU.Build.0 = Debug|Any CPU
		{EEA2B312-BAF2-46E4-963D-15804D6C91AB}.Release|Any CPU.ActiveCfg = Release|Any CPU
		{EEA2B312-BAF2-46E4-963D-15804D6C91AB}.Release|Any CPU.Build.0 = Release|Any CPU
		{9B292C7B-2891-4321-9638-7D9812B1D109}.Debug|Any CPU.ActiveCfg = Debug|Any CPU
		{9B292C7B-2891-4321-9638-7D9812B1D109}.Debug|Any CPU.Build.0 = Debug|Any CPU
		{9B292C7B-2891-4321-9638-7D9812B1D109}.Release|Any CPU.ActiveCfg = Release|Any CPU
		{9B292C7B-2891-4321-9638-7D9812B1D109}.Release|Any CPU.Build.0 = Release|Any CPU
	EndGlobalSection
	GlobalSection(SolutionProperties) = preSolution
		HideSolutionNode = FALSE
	EndGlobalSection
EndGlobal
